
Microsoft Visual Studio Solution File, Format Version 12.00
# Visual Studio Version 16
VisualStudioVersion = 16.0.29920.165
MinimumVisualStudioVersion = 10.0.40219.1
Project("{FAE04EC0-301F-11D3-BF4B-00C04F79EFBC}") = "Noodeltop.Android", "Noodeltop\Noodeltop.Android\Noodeltop.Android.csproj", "{E6A3A3B7-252E-49DB-935F-1AC7F9733698}"
EndProject
Project("{FAE04EC0-301F-11D3-BF4B-00C04F79EFBC}") = "Noodeltop", "Noodeltop\Noodeltop\Noodeltop.csproj", "{4C060123-C09E-4B66-A800-CE705108C4E3}"
EndProject
Global
	GlobalSection(SolutionConfigurationPlatforms) = preSolution
		Debug|Any CPU = Debug|Any CPU
		Release|Any CPU = Release|Any CPU
	EndGlobalSection
	GlobalSection(ProjectConfigurationPlatforms) = postSolution
		{E6A3A3B7-252E-49DB-935F-1AC7F9733698}.Debug|Any CPU.ActiveCfg = Debug|Any CPU
		{E6A3A3B7-252E-49DB-935F-1AC7F9733698}.Debug|Any CPU.Build.0 = Debug|Any CPU
		{E6A3A3B7-252E-49DB-935F-1AC7F9733698}.Debug|Any CPU.Deploy.0 = Debug|Any CPU
		{E6A3A3B7-252E-49DB-935F-1AC7F9733698}.Release|Any CPU.ActiveCfg = Release|Any CPU
		{E6A3A3B7-252E-49DB-935F-1AC7F9733698}.Release|Any CPU.Build.0 = Release|Any CPU
		{E6A3A3B7-252E-49DB-935F-1AC7F9733698}.Release|Any CPU.Deploy.0 = Release|Any CPU
		{4C060123-C09E-4B66-A800-CE705108C4E3}.Debug|Any CPU.ActiveCfg = Debug|Any CPU
		{4C060123-C09E-4B66-A800-CE705108C4E3}.Debug|Any CPU.Build.0 = Debug|Any CPU
		{4C060123-C09E-4B66-A800-CE705108C4E3}.Debug|Any CPU.Deploy.0 = Debug|Any CPU
		{4C060123-C09E-4B66-A800-CE705108C4E3}.Release|Any CPU.ActiveCfg = Release|Any CPU
		{4C060123-C09E-4B66-A800-CE705108C4E3}.Release|Any CPU.Build.0 = Release|Any CPU
		{4C060123-C09E-4B66-A800-CE705108C4E3}.Release|Any CPU.Deploy.0 = Release|Any CPU
	EndGlobalSection
	GlobalSection(SolutionProperties) = preSolution
		HideSolutionNode = FALSE
	EndGlobalSection
	GlobalSection(ExtensibilityGlobals) = postSolution
		SolutionGuid = {E8780B0C-ACAD-4E50-9A32-712B44137BE5}
	EndGlobalSection
EndGlobal
